
Microsoft Visual Studio Solution File, Format Version 12.00
# Visual Studio Version 17
VisualStudioVersion = 17.13.35919.96
MinimumVisualStudioVersion = 10.0.40219.1
Project("{FAE04EC0-301F-11D3-BF4B-00C04F79EFBC}") = "BackEndProduseCheltuieliNotite", "BackEndProduseCheltuieliNotite\BackEndProduseCheltuieliNotite.csproj", "{AF62FB11-B5B3-47ED-99B3-FA1D276370BF}"
EndProject
Global
	GlobalSection(SolutionConfigurationPlatforms) = preSolution
		Debug|Any CPU = Debug|Any CPU
		Release|Any CPU = Release|Any CPU
	EndGlobalSection
	GlobalSection(ProjectConfigurationPlatforms) = postSolution
		{AF62FB11-B5B3-47ED-99B3-FA1D276370BF}.Debug|Any CPU.ActiveCfg = Debug|Any CPU
		{AF62FB11-B5B3-47ED-99B3-FA1D276370BF}.Debug|Any CPU.Build.0 = Debug|Any CPU
		{AF62FB11-B5B3-47ED-99B3-FA1D276370BF}.Release|Any CPU.ActiveCfg = Release|Any CPU
		{AF62FB11-B5B3-47ED-99B3-FA1D276370BF}.Release|Any CPU.Build.0 = Release|Any CPU
	EndGlobalSection
	GlobalSection(SolutionProperties) = preSolution
		HideSolutionNode = FALSE
	EndGlobalSection
	GlobalSection(ExtensibilityGlobals) = postSolution
		SolutionGuid = {30D32B5C-7A4B-416B-AD0A-DBB480B40A81}
	EndGlobalSection
EndGlobal
